
Microsoft Visual Studio Solution File, Format Version 12.00
# Visual Studio Version 16
VisualStudioVersion = 16.0.28902.138
MinimumVisualStudioVersion = 10.0.40219.1
Project("{9A19103F-16F7-4668-BE54-9A1E7A4F7556}") = "Eagle", "Eagle\Eagle.csproj", "{A7EC42B7-52B4-4BF6-8B9B-31ED67A34A5A}"
EndProject
Project("{9A19103F-16F7-4668-BE54-9A1E7A4F7556}") = "Eagle.Tests", "Eagle.Tests\Eagle.Tests.csproj", "{A50E4D8B-172F-4A88-9F36-045EA77C4C39}"
EndProject
Project("{9A19103F-16F7-4668-BE54-9A1E7A4F7556}") = "LlvmSandbox", "LlvmSandbox\LlvmSandbox.csproj", "{CC12E639-CC7C-4483-BB1C-6D476F78179F}"
EndProject
Project("{9A19103F-16F7-4668-BE54-9A1E7A4F7556}") = "DemoAlgorithms", "DemoAlgorithms\DemoAlgorithms.csproj", "{F58B612B-645B-4CCA-8194-AE87BB46DC6A}"
EndProject
Project("{9A19103F-16F7-4668-BE54-9A1E7A4F7556}") = "ei", "ei\ei.csproj", "{AB0B7EFB-2D49-48A4-B0E0-ABB46DA2DCC0}"
EndProject
Project("{9A19103F-16F7-4668-BE54-9A1E7A4F7556}") = "ec", "ec\ec.csproj", "{2C412110-EC35-42E2-8C06-979EF434480E}"
EndProject
Global
	GlobalSection(SolutionConfigurationPlatforms) = preSolution
		Debug|Any CPU = Debug|Any CPU
		Release|Any CPU = Release|Any CPU
	EndGlobalSection
	GlobalSection(ProjectConfigurationPlatforms) = postSolution
		{A7EC42B7-52B4-4BF6-8B9B-31ED67A34A5A}.Debug|Any CPU.ActiveCfg = Debug|Any CPU
		{A7EC42B7-52B4-4BF6-8B9B-31ED67A34A5A}.Debug|Any CPU.Build.0 = Debug|Any CPU
		{A7EC42B7-52B4-4BF6-8B9B-31ED67A34A5A}.Release|Any CPU.ActiveCfg = Release|Any CPU
		{A7EC42B7-52B4-4BF6-8B9B-31ED67A34A5A}.Release|Any CPU.Build.0 = Release|Any CPU
		{A50E4D8B-172F-4A88-9F36-045EA77C4C39}.Debug|Any CPU.ActiveCfg = Debug|Any CPU
		{A50E4D8B-172F-4A88-9F36-045EA77C4C39}.Debug|Any CPU.Build.0 = Debug|Any CPU
		{A50E4D8B-172F-4A88-9F36-045EA77C4C39}.Release|Any CPU.ActiveCfg = Release|Any CPU
		{A50E4D8B-172F-4A88-9F36-045EA77C4C39}.Release|Any CPU.Build.0 = Release|Any CPU
		{CC12E639-CC7C-4483-BB1C-6D476F78179F}.Debug|Any CPU.ActiveCfg = Debug|Any CPU
		{CC12E639-CC7C-4483-BB1C-6D476F78179F}.Debug|Any CPU.Build.0 = Debug|Any CPU
		{CC12E639-CC7C-4483-BB1C-6D476F78179F}.Release|Any CPU.ActiveCfg = Release|Any CPU
		{CC12E639-CC7C-4483-BB1C-6D476F78179F}.Release|Any CPU.Build.0 = Release|Any CPU
		{F58B612B-645B-4CCA-8194-AE87BB46DC6A}.Debug|Any CPU.ActiveCfg = Debug|Any CPU
		{F58B612B-645B-4CCA-8194-AE87BB46DC6A}.Debug|Any CPU.Build.0 = Debug|Any CPU
		{F58B612B-645B-4CCA-8194-AE87BB46DC6A}.Release|Any CPU.ActiveCfg = Release|Any CPU
		{F58B612B-645B-4CCA-8194-AE87BB46DC6A}.Release|Any CPU.Build.0 = Release|Any CPU
		{AB0B7EFB-2D49-48A4-B0E0-ABB46DA2DCC0}.Debug|Any CPU.ActiveCfg = Debug|Any CPU
		{AB0B7EFB-2D49-48A4-B0E0-ABB46DA2DCC0}.Debug|Any CPU.Build.0 = Debug|Any CPU
		{AB0B7EFB-2D49-48A4-B0E0-ABB46DA2DCC0}.Release|Any CPU.ActiveCfg = Release|Any CPU
		{AB0B7EFB-2D49-48A4-B0E0-ABB46DA2DCC0}.Release|Any CPU.Build.0 = Release|Any CPU
		{2C412110-EC35-42E2-8C06-979EF434480E}.Debug|Any CPU.ActiveCfg = Debug|Any CPU
		{2C412110-EC35-42E2-8C06-979EF434480E}.Debug|Any CPU.Build.0 = Debug|Any CPU
		{2C412110-EC35-42E2-8C06-979EF434480E}.Release|Any CPU.ActiveCfg = Release|Any CPU
		{2C412110-EC35-42E2-8C06-979EF434480E}.Release|Any CPU.Build.0 = Release|Any CPU
	EndGlobalSection
	GlobalSection(SolutionProperties) = preSolution
		HideSolutionNode = FALSE
	EndGlobalSection
	GlobalSection(ExtensibilityGlobals) = postSolution
		SolutionGuid = {612AB4AA-5F98-4481-A0A1-0429A425C33E}
	EndGlobalSection
EndGlobal
